
Microsoft Visual Studio Solution File, Format Version 12.00
# Visual Studio 15
VisualStudioVersion = 15.0.27428.2002
MinimumVisualStudioVersion = 10.0.40219.1
Project("{FAE04EC0-301F-11D3-BF4B-00C04F79EFBC}") = "TPLab", "TPLab\TPLab.csproj", "{AA9D9C11-90FB-4E96-8A4B-6584E1A64C3F}"
	ProjectSection(ProjectDependencies) = postProject
		{12DAD08E-5639-4F8A-A589-62E76AA1C57D} = {12DAD08E-5639-4F8A-A589-62E76AA1C57D}
		{DF2DDFE0-0664-4E1F-87EA-FEB44F079AD8} = {DF2DDFE0-0664-4E1F-87EA-FEB44F079AD8}
	EndProjectSection
EndProject
Project("{FAE04EC0-301F-11D3-BF4B-00C04F79EFBC}") = "Program", "Program\Program.csproj", "{12DAD08E-5639-4F8A-A589-62E76AA1C57D}"
EndProject
Project("{FAE04EC0-301F-11D3-BF4B-00C04F79EFBC}") = "UnitTestProgram", "UnitTestProgram\UnitTestProgram.csproj", "{DF2DDFE0-0664-4E1F-87EA-FEB44F079AD8}"
EndProject
Global
	GlobalSection(SolutionConfigurationPlatforms) = preSolution
		Debug|Any CPU = Debug|Any CPU
		Release|Any CPU = Release|Any CPU
	EndGlobalSection
	GlobalSection(ProjectConfigurationPlatforms) = postSolution
		{AA9D9C11-90FB-4E96-8A4B-6584E1A64C3F}.Debug|Any CPU.ActiveCfg = Debug|Any CPU
		{AA9D9C11-90FB-4E96-8A4B-6584E1A64C3F}.Debug|Any CPU.Build.0 = Debug|Any CPU
		{AA9D9C11-90FB-4E96-8A4B-6584E1A64C3F}.Release|Any CPU.ActiveCfg = Release|Any CPU
		{AA9D9C11-90FB-4E96-8A4B-6584E1A64C3F}.Release|Any CPU.Build.0 = Release|Any CPU
		{12DAD08E-5639-4F8A-A589-62E76AA1C57D}.Debug|Any CPU.ActiveCfg = Debug|Any CPU
		{12DAD08E-5639-4F8A-A589-62E76AA1C57D}.Debug|Any CPU.Build.0 = Debug|Any CPU
		{12DAD08E-5639-4F8A-A589-62E76AA1C57D}.Release|Any CPU.ActiveCfg = Release|Any CPU
		{12DAD08E-5639-4F8A-A589-62E76AA1C57D}.Release|Any CPU.Build.0 = Release|Any CPU
		{DF2DDFE0-0664-4E1F-87EA-FEB44F079AD8}.Debug|Any CPU.ActiveCfg = Debug|Any CPU
		{DF2DDFE0-0664-4E1F-87EA-FEB44F079AD8}.Debug|Any CPU.Build.0 = Debug|Any CPU
		{DF2DDFE0-0664-4E1F-87EA-FEB44F079AD8}.Release|Any CPU.ActiveCfg = Release|Any CPU
		{DF2DDFE0-0664-4E1F-87EA-FEB44F079AD8}.Release|Any CPU.Build.0 = Release|Any CPU
	EndGlobalSection
	GlobalSection(SolutionProperties) = preSolution
		HideSolutionNode = FALSE
	EndGlobalSection
	GlobalSection(ExtensibilityGlobals) = postSolution
		SolutionGuid = {0403B3A1-DF6E-424D-B169-73B7F1339519}
	EndGlobalSection
EndGlobal
